dependencies:
- name: microservice-lib
  repository: ""
  version: 0.1.0
- name: postgres
  repository: ""
  version: 0.1.0
- name: redis
  repository: ""
  version: 0.1.0
- name: kafka
  repository: ""
  version: 0.1.0
- name: keycloak
  repository: ""
  version: 0.1.0
- name: bank-accounts
  repository: ""
  version: 0.1.0
- name: bank-cash
  repository: ""
  version: 0.1.0
- name: bank-transfer
  repository: ""
  version: 0.1.0
- name: bank-notifications
  repository: ""
  version: 0.1.0
- name: bank-gateway
  repository: ""
  version: 0.1.0
- name: bank-front-ui
  repository: ""
  version: 0.1.0
digest: sha256:a74c444dbf9f7417e0cb8a88cd1a54bea232d6b174cf70295ed5ef83946352c8
generated: "2026-07-08T21:56:38.173681888+03:00"
