dependencies:
- name: microservice-lib
  repository: ""
  version: 0.1.0
- name: postgres
  repository: ""
  version: 0.1.0
- name: redis
  repository: ""
  version: 0.1.0
- name: kafka
  repository: ""
  version: 0.1.0
- name: keycloak
  repository: ""
  version: 0.1.0
- name: zipkin
  repository: ""
  version: 0.1.0
- name: prometheus
  repository: ""
  version: 0.1.0
- name: grafana
  repository: ""
  version: 0.1.0
- name: elk
  repository: ""
  version: 0.1.0
- name: bank-accounts
  repository: ""
  version: 0.1.0
- name: bank-cash
  repository: ""
  version: 0.1.0
- name: bank-transfer
  repository: ""
  version: 0.1.0
- name: bank-notifications
  repository: ""
  version: 0.1.0
- name: bank-gateway
  repository: ""
  version: 0.1.0
- name: bank-front-ui
  repository: ""
  version: 0.1.0
digest: sha256:839722df12bfb103964a83d15759cd7749c27ca6228186bce17b4574672e56c6
generated: "2026-07-10T09:27:08.1574434+03:00"
